
Microsoft Visual Studio Solution File, Format Version 12.00
Project("{FAE04EC0-301F-11D3-BF4B-00C04F79EFBC}") = "LinqCalismalar", "LinqCalismalar\LinqCalismalar.csproj", "{ECCE28C6-F65C-47DB-AD72-70002CEEBD52}"
EndProject
Project("{FAE04EC0-301F-11D3-BF4B-00C04F79EFBC}") = "LinqBastan", "LinqBastan\LinqBastan.csproj", "{7375B3C4-7645-4989-82F5-2255A8A7F0B3}"
EndProject
Project("{FAE04EC0-301F-11D3-BF4B-00C04F79EFBC}") = "LinqDevamStandartQueryOperators", "LinqDevamStandartQueryOperators\LinqDevamStandartQueryOperators.csproj", "{93BD2E20-B7B4-4A95-A79F-AB59AD369FE8}"
EndProject
Project("{FAE04EC0-301F-11D3-BF4B-00C04F79EFBC}") = "LinqOrnekSorgular", "LinqOrnekSorgular\LinqOrnekSorgular.csproj", "{D5A554E8-00AE-41D0-8866-F040E13C3DE7}"
EndProject
Global
	GlobalSection(SolutionConfigurationPlatforms) = preSolution
		Debug|Any CPU = Debug|Any CPU
		Release|Any CPU = Release|Any CPU
	EndGlobalSection
	GlobalSection(ProjectConfigurationPlatforms) = postSolution
		{ECCE28C6-F65C-47DB-AD72-70002CEEBD52}.Debug|Any CPU.ActiveCfg = Debug|Any CPU
		{ECCE28C6-F65C-47DB-AD72-70002CEEBD52}.Debug|Any CPU.Build.0 = Debug|Any CPU
		{ECCE28C6-F65C-47DB-AD72-70002CEEBD52}.Release|Any CPU.ActiveCfg = Release|Any CPU
		{ECCE28C6-F65C-47DB-AD72-70002CEEBD52}.Release|Any CPU.Build.0 = Release|Any CPU
		{7375B3C4-7645-4989-82F5-2255A8A7F0B3}.Debug|Any CPU.ActiveCfg = Debug|Any CPU
		{7375B3C4-7645-4989-82F5-2255A8A7F0B3}.Debug|Any CPU.Build.0 = Debug|Any CPU
		{7375B3C4-7645-4989-82F5-2255A8A7F0B3}.Release|Any CPU.ActiveCfg = Release|Any CPU
		{7375B3C4-7645-4989-82F5-2255A8A7F0B3}.Release|Any CPU.Build.0 = Release|Any CPU
		{93BD2E20-B7B4-4A95-A79F-AB59AD369FE8}.Debug|Any CPU.ActiveCfg = Debug|Any CPU
		{93BD2E20-B7B4-4A95-A79F-AB59AD369FE8}.Debug|Any CPU.Build.0 = Debug|Any CPU
		{93BD2E20-B7B4-4A95-A79F-AB59AD369FE8}.Release|Any CPU.ActiveCfg = Release|Any CPU
		{93BD2E20-B7B4-4A95-A79F-AB59AD369FE8}.Release|Any CPU.Build.0 = Release|Any CPU
		{D5A554E8-00AE-41D0-8866-F040E13C3DE7}.Debug|Any CPU.ActiveCfg = Debug|Any CPU
		{D5A554E8-00AE-41D0-8866-F040E13C3DE7}.Debug|Any CPU.Build.0 = Debug|Any CPU
		{D5A554E8-00AE-41D0-8866-F040E13C3DE7}.Release|Any CPU.ActiveCfg = Release|Any CPU
		{D5A554E8-00AE-41D0-8866-F040E13C3DE7}.Release|Any CPU.Build.0 = Release|Any CPU
	EndGlobalSection
EndGlobal
